
Microsoft Visual Studio Solution File, Format Version 12.00
# Visual Studio 15
VisualStudioVersion = 15.0.27428.2005
MinimumVisualStudioVersion = 10.0.40219.1
Project("{FAE04EC0-301F-11D3-BF4B-00C04F79EFBC}") = "EduPlanner", "EduPlanner\EduPlanner.csproj", "{37A70360-8684-45A9-9ABF-15F3400F2C11}"
EndProject
Global
	GlobalSection(SolutionConfigurationPlatforms) = preSolution
		Debug|Any CPU = Debug|Any CPU
		Release|Any CPU = Release|Any CPU
	EndGlobalSection
	GlobalSection(ProjectConfigurationPlatforms) = postSolution
		{37A70360-8684-45A9-9ABF-15F3400F2C11}.Debug|Any CPU.ActiveCfg = Debug|Any CPU
		{37A70360-8684-45A9-9ABF-15F3400F2C11}.Debug|Any CPU.Build.0 = Debug|Any CPU
		{37A70360-8684-45A9-9ABF-15F3400F2C11}.Release|Any CPU.ActiveCfg = Release|Any CPU
		{37A70360-8684-45A9-9ABF-15F3400F2C11}.Release|Any CPU.Build.0 = Release|Any CPU
	EndGlobalSection
	GlobalSection(SolutionProperties) = preSolution
		HideSolutionNode = FALSE
	EndGlobalSection
	GlobalSection(ExtensibilityGlobals) = postSolution
		SolutionGuid = {32E4D43A-0F19-4BC0-973F-6A5CCFC423F9}
	EndGlobalSection
EndGlobal
